
Microsoft Visual Studio Solution File, Format Version 12.00
# Visual Studio 2013
VisualStudioVersion = 12.0.31101.0
MinimumVisualStudioVersion = 10.0.40219.1
Project("{9092AA53-FB77-4645-B42D-1CCCA6BD08BD}") = "EmergingA2", "socketioPractice\EmergingA2.njsproj", "{DB5D8E12-1DBF-4FEA-9871-1A0BD11727EC}"
EndProject
Global
	GlobalSection(SolutionConfigurationPlatforms) = preSolution
		Debug|Any CPU = Debug|Any CPU
		Release|Any CPU = Release|Any CPU
	EndGlobalSection
	GlobalSection(ProjectConfigurationPlatforms) = postSolution
		{DB5D8E12-1DBF-4FEA-9871-1A0BD11727EC}.Debug|Any CPU.ActiveCfg = Debug|Any CPU
		{DB5D8E12-1DBF-4FEA-9871-1A0BD11727EC}.Debug|Any CPU.Build.0 = Debug|Any CPU
		{DB5D8E12-1DBF-4FEA-9871-1A0BD11727EC}.Release|Any CPU.ActiveCfg = Release|Any CPU
		{DB5D8E12-1DBF-4FEA-9871-1A0BD11727EC}.Release|Any CPU.Build.0 = Release|Any CPU
	EndGlobalSection
	GlobalSection(SolutionProperties) = preSolution
		HideSolutionNode = FALSE
	EndGlobalSection
EndGlobal
